
Microsoft Visual Studio Solution File, Format Version 12.00
# Visual Studio Version 16
VisualStudioVersion = 16.0.31105.61
MinimumVisualStudioVersion = 10.0.40219.1
Project("{FAE04EC0-301F-11D3-BF4B-00C04F79EFBC}") = "OldMaidSim", "OldMaidSim\OldMaidSim.csproj", "{921D0780-328B-43DD-9217-A9121C3398BB}"
EndProject
Global
	GlobalSection(SolutionConfigurationPlatforms) = preSolution
		Debug|Any CPU = Debug|Any CPU
		Release|Any CPU = Release|Any CPU
	EndGlobalSection
	GlobalSection(ProjectConfigurationPlatforms) = postSolution
		{921D0780-328B-43DD-9217-A9121C3398BB}.Debug|Any CPU.ActiveCfg = Debug|Any CPU
		{921D0780-328B-43DD-9217-A9121C3398BB}.Debug|Any CPU.Build.0 = Debug|Any CPU
		{921D0780-328B-43DD-9217-A9121C3398BB}.Release|Any CPU.ActiveCfg = Release|Any CPU
		{921D0780-328B-43DD-9217-A9121C3398BB}.Release|Any CPU.Build.0 = Release|Any CPU
	EndGlobalSection
	GlobalSection(SolutionProperties) = preSolution
		HideSolutionNode = FALSE
	EndGlobalSection
	GlobalSection(ExtensibilityGlobals) = postSolution
		SolutionGuid = {57B7D9B7-1CB6-4D32-B463-9796F42A5E27}
	EndGlobalSection
EndGlobal
